github.com/coreos/capnslog v0.0.0-20210601184018-441c3539ce09 h1:DzNxU7nJBHFHvt+9z9lYs5SmlZm4bkepNHbCrbTo3CA=
github.com/coreos/capnslog v0.0.0-20210601184018-441c3539ce09/go.mod h1:kS03eufpm0LlfJAvTEfJ/Cx2NOehjZpD1axxBvcxwxs=
github.com/coreos/go-systemd v0.0.0-20191104093116-d3cd4ed1dbcf h1:iW4rZ826su+pqaw19uhpSCzhj44qo35pNgKFGqzDKkU=
github.com/coreos/go-systemd v0.0.0-20191104093116-d3cd4ed1dbcf/go.mod h1:F5haX7vjVVG0kc13fIWeqUViNPyEJxv/OmvnBo0Yme4=
